
Microsoft Visual Studio Solution File, Format Version 12.00
# Visual Studio Version 16
VisualStudioVersion = 16.0.31019.35
MinimumVisualStudioVersion = 10.0.40219.1
Project("{FAE04EC0-301F-11D3-BF4B-00C04F79EFBC}") = "WebSocket", "WebSocket.csproj", "{282F91F3-444D-4DF6-9205-883DCF8CE059}"
EndProject
Project("{FAE04EC0-301F-11D3-BF4B-00C04F79EFBC}") = "client", "client\client.csproj", "{6D3414B8-8E16-43A7-9C56-CF5067DE8AC4}"
EndProject
Global
	GlobalSection(SolutionConfigurationPlatforms) = preSolution
		Debug|Any CPU = Debug|Any CPU
		Release|Any CPU = Release|Any CPU
	EndGlobalSection
	GlobalSection(ProjectConfigurationPlatforms) = postSolution
		{282F91F3-444D-4DF6-9205-883DCF8CE059}.Debug|Any CPU.ActiveCfg = Debug|Any CPU
		{282F91F3-444D-4DF6-9205-883DCF8CE059}.Debug|Any CPU.Build.0 = Debug|Any CPU
		{282F91F3-444D-4DF6-9205-883DCF8CE059}.Release|Any CPU.ActiveCfg = Release|Any CPU
		{282F91F3-444D-4DF6-9205-883DCF8CE059}.Release|Any CPU.Build.0 = Release|Any CPU
		{6D3414B8-8E16-43A7-9C56-CF5067DE8AC4}.Debug|Any CPU.ActiveCfg = Debug|Any CPU
		{6D3414B8-8E16-43A7-9C56-CF5067DE8AC4}.Debug|Any CPU.Build.0 = Debug|Any CPU
		{6D3414B8-8E16-43A7-9C56-CF5067DE8AC4}.Release|Any CPU.ActiveCfg = Release|Any CPU
		{6D3414B8-8E16-43A7-9C56-CF5067DE8AC4}.Release|Any CPU.Build.0 = Release|Any CPU
	EndGlobalSection
	GlobalSection(SolutionProperties) = preSolution
		HideSolutionNode = FALSE
	EndGlobalSection
	GlobalSection(ExtensibilityGlobals) = postSolution
		SolutionGuid = {A125FF2C-9CE6-4FDF-AB3C-217BBA081F5F}
	EndGlobalSection
EndGlobal
